Microsoft Visual Studio Solution File, Format Version 14.00
# Visual Studio 2015
Project("{FAE04EC0-301F-11D3-BF4B-00C04F79EFBC}") = "Sample", "Sample.csproj", "{00D7082E-3D6F-4FAE-80B5-23AB97B4B0FF}"
EndProject
Global
	GlobalSection(SolutionConfigurationPlatforms) = preSolution
		Debug|Any Cpu = Debug|Any Cpu
	EndGlobalSection
	GlobalSection(ProjectConfigurationPlatforms) = postSolution
		{00D7082E-3D6F-4FAE-80B5-23AB97B4B0FF}.Debug|Any Cpu.ActiveCfg = Debug|Any CPU
		{00D7082E-3D6F-4FAE-80B5-23AB97B4B0FF}.Debug|Any Cpu.Build.0 = Debug|Any CPU
	EndGlobalSection
	GlobalSection(SolutionProperties) = preSolution
		HideSolutionNode = FALSE
	EndGlobalSection
EndGlobal
